
Microsoft Visual Studio Solution File, Format Version 12.00
# Visual Studio Version 16
VisualStudioVersion = 16.0.30717.126
MinimumVisualStudioVersion = 10.0.40219.1
Project("{9A19103F-16F7-4668-BE54-9A1E7A4F7556}") = "ClientService", "ClientService\ClientService.csproj", "{C3AD293E-2C3E-4216-8973-14E6237BC0AC}"
EndProject
Project("{FAE04EC0-301F-11D3-BF4B-00C04F79EFBC}") = "ClientServiceTests", "ClientServiceTests\ClientServiceTests.csproj", "{14DC14C3-9F1B-4FB3-92A4-7E1466BE65D7}"
EndProject
Global
	GlobalSection(SolutionConfigurationPlatforms) = preSolution
		Debug|Any CPU = Debug|Any CPU
		Release|Any CPU = Release|Any CPU
	EndGlobalSection
	GlobalSection(ProjectConfigurationPlatforms) = postSolution
		{C3AD293E-2C3E-4216-8973-14E6237BC0AC}.Debug|Any CPU.ActiveCfg = Debug|Any CPU
		{C3AD293E-2C3E-4216-8973-14E6237BC0AC}.Debug|Any CPU.Build.0 = Debug|Any CPU
		{C3AD293E-2C3E-4216-8973-14E6237BC0AC}.Release|Any CPU.ActiveCfg = Release|Any CPU
		{C3AD293E-2C3E-4216-8973-14E6237BC0AC}.Release|Any CPU.Build.0 = Release|Any CPU
		{14DC14C3-9F1B-4FB3-92A4-7E1466BE65D7}.Debug|Any CPU.ActiveCfg = Debug|Any CPU
		{14DC14C3-9F1B-4FB3-92A4-7E1466BE65D7}.Debug|Any CPU.Build.0 = Debug|Any CPU
		{14DC14C3-9F1B-4FB3-92A4-7E1466BE65D7}.Release|Any CPU.ActiveCfg = Release|Any CPU
		{14DC14C3-9F1B-4FB3-92A4-7E1466BE65D7}.Release|Any CPU.Build.0 = Release|Any CPU
	EndGlobalSection
	GlobalSection(SolutionProperties) = preSolution
		HideSolutionNode = FALSE
	EndGlobalSection
	GlobalSection(ExtensibilityGlobals) = postSolution
		SolutionGuid = {81CCA536-3EEC-4E73-8487-144F28D36C2E}
	EndGlobalSection
EndGlobal
